// !$*UTF8*$!
{
	archiveVersion = 1;
	classes = {
	};
	objectVersion = 56;
	objects = {

/* Begin PBXBuildFile section */
		003925235602250D816C3280 /* libPods-GarupaTest.a in Frameworks */ = {isa = PBXBuildFile; fileRef = 4EE2BBCFE5D4F6DE2488862E /* libPods-GarupaTest.a */; };
		2FEA5C2729F5DD0D006F68B1 /* AppDelegate.swift in Sources */ = {isa = PBXBuildFile; fileRef = 2FEA5C2629F5DD0D006F68B1 /* AppDelegate.swift */; };
		2FEA5C3029F5DD0F006F68B1 /* Assets.xcassets in Resources */ = {isa = PBXBuildFile; fileRef = 2FEA5C2F29F5DD0F006F68B1 /* Assets.xcassets */; };
		2FEA5C3329F5DD0F006F68B1 /* LaunchScreen.storyboard in Resources */ = {isa = PBXBuildFile; fileRef = 2FEA5C3129F5DD0F006F68B1 /* LaunchScreen.storyboard */; };
		2FEA5C3E29F5DD0F006F68B1 /* GarupaTestTests.swift in Sources */ = {isa = PBXBuildFile; fileRef = 2FEA5C3D29F5DD0F006F68B1 /* GarupaTestTests.swift */; };
		2FEA5C4829F5DD0F006F68B1 /* GarupaTestUITests.swift in Sources */ = {isa = PBXBuildFile; fileRef = 2FEA5C4729F5DD0F006F68B1 /* GarupaTestUITests.swift */; };
		2FEA5C4A29F5DD0F006F68B1 /* GarupaTestUITestsLaunchTests.swift in Sources */ = {isa = PBXBuildFile; fileRef = 2FEA5C4929F5DD0F006F68B1 /* GarupaTestUITestsLaunchTests.swift */; };
		2FEA5C6029F5DFCF006F68B1 /* ListBeersViewController.swift in Sources */ = {isa = PBXBuildFile; fileRef = 2FEA5C5F29F5DFCF006F68B1 /* ListBeersViewController.swift */; };
		2FEA5C6229F5E33C006F68B1 /* SceneDelegate.swift in Sources */ = {isa = PBXBuildFile; fileRef = 2FEA5C6129F5E33C006F68B1 /* SceneDelegate.swift */; };
		2FEA5C6529F5E53E006F68B1 /* ListBeersView.swift in Sources */ = {isa = PBXBuildFile; fileRef = 2FEA5C6429F5E53E006F68B1 /* ListBeersView.swift */; };
		2FEA5C6829F5E809006F68B1 /* ScreenSize.swift in Sources */ = {isa = PBXBuildFile; fileRef = 2FEA5C6729F5E809006F68B1 /* ScreenSize.swift */; };
		2FEA5C6A29F5EBD8006F68B1 /* BeerColectionViewCell.swift in Sources */ = {isa = PBXBuildFile; fileRef = 2FEA5C6929F5EBD8006F68B1 /* BeerColectionViewCell.swift */; };
		2FEA5C6D29F60AC9006F68B1 /* Constants.swift in Sources */ = {isa = PBXBuildFile; fileRef = 2FEA5C6C29F60AC9006F68B1 /* Constants.swift */; };
		2FEA5C6F29F60DD1006F68B1 /* NSObject+Ext.swift in Sources */ = {isa = PBXBuildFile; fileRef = 2FEA5C6E29F60DD1006F68B1 /* NSObject+Ext.swift */; };
		2FEA5C7129F61027006F68B1 /* BeerModel.swift in Sources */ = {isa = PBXBuildFile; fileRef = 2FEA5C7029F61027006F68B1 /* BeerModel.swift */; };
		2FEA5C7329F610B1006F68B1 /* VolumeModel.swift in Sources */ = {isa = PBXBuildFile; fileRef = 2FEA5C7229F610B1006F68B1 /* VolumeModel.swift */; };
		2FEA5C7529F610F1006F68B1 /* MethodModel.swift in Sources */ = {isa = PBXBuildFile; fileRef = 2FEA5C7429F610F1006F68B1 /* MethodModel.swift */; };
		2FEA5C7729F6111A006F68B1 /* MashTemp.swift in Sources */ = {isa = PBXBuildFile; fileRef = 2FEA5C7629F6111A006F68B1 /* MashTemp.swift */; };
		2FEA5C7929F61125006F68B1 /* TempModel.swift in Sources */ = {isa = PBXBuildFile; fileRef = 2FEA5C7829F61125006F68B1 /* TempModel.swift */; };
		2FEA5C7B29F61192006F68B1 /* FermentationModel.swift in Sources */ = {isa = PBXBuildFile; fileRef = 2FEA5C7A29F61192006F68B1 /* FermentationModel.swift */; };
		2FEA5C7D29F611CA006F68B1 /* MaltModel.swift in Sources */ = {isa = PBXBuildFile; fileRef = 2FEA5C7C29F611CA006F68B1 /* MaltModel.swift */; };
		2FEA5C7F29F611ED006F68B1 /* AmountModel.swift in Sources */ = {isa = PBXBuildFile; fileRef = 2FEA5C7E29F611EC006F68B1 /* AmountModel.swift */; };
		2FEA5C8129F6123A006F68B1 /* HopModel.swift in Sources */ = {isa = PBXBuildFile; fileRef = 2FEA5C8029F6123A006F68B1 /* HopModel.swift */; };
		2FEA5C8329F61260006F68B1 /* IngredientsModel.swift in Sources */ = {isa = PBXBuildFile; fileRef = 2FEA5C8229F61260006F68B1 /* IngredientsModel.swift */; };
		2FEA5CBD29F83702006F68B1 /* BeerDetailViewModel.swift in Sources */ = {isa = PBXBuildFile; fileRef = 2FEA5CB429F83702006F68B1 /* BeerDetailViewModel.swift */; };
		2FEA5CBE29F83702006F68B1 /* BeerDetailViewController.swift in Sources */ = {isa = PBXBuildFile; fileRef = 2FEA5CB629F83702006F68B1 /* BeerDetailViewController.swift */; };
		2FEA5CBF29F83702006F68B1 /* BeerDetailView.swift in Sources */ = {isa = PBXBuildFile; fileRef = 2FEA5CB929F83702006F68B1 /* BeerDetailView.swift */; };
		2FEA5CC029F83702006F68B1 /* BeerFoodPairingTableViewCell.swift in Sources */ = {isa = PBXBuildFile; fileRef = 2FEA5CBA29F83702006F68B1 /* BeerFoodPairingTableViewCell.swift */; };
		2FEA5CC129F83702006F68B1 /* BeerExtraInfoTableViewCell.swift in Sources */ = {isa = PBXBuildFile; fileRef = 2FEA5CBB29F83702006F68B1 /* BeerExtraInfoTableViewCell.swift */; };
		2FEA5CC329F87618006F68B1 /* ListBeersViewModel.swift in Sources */ = {isa = PBXBuildFile; fileRef = 2FEA5CC229F87618006F68B1 /* ListBeersViewModel.swift */; };
		2FEA5CC729F88B5A006F68B1 /* BaseViewController.swift in Sources */ = {isa = PBXBuildFile; fileRef = 2FEA5CC629F88B5A006F68B1 /* BaseViewController.swift */; };
		2FEA5CC929F88BA6006F68B1 /* StateProtocol.swift in Sources */ = {isa = PBXBuildFile; fileRef = 2FEA5CC829F88BA6006F68B1 /* StateProtocol.swift */; };
		2FEA5CCB29F88BC4006F68B1 /* ProgressView.swift in Sources */ = {isa = PBXBuildFile; fileRef = 2FEA5CCA29F88BC4006F68B1 /* ProgressView.swift */; };
		2FEA5CCD29F88BF0006F68B1 /* ErrorView.swift in Sources */ = {isa = PBXBuildFile; fileRef = 2FEA5CCC29F88BF0006F68B1 /* ErrorView.swift */; };
		2FEA5CDE29F89A24006F68B1 /* NetworkManagerMock.swift in Sources */ = {isa = PBXBuildFile; fileRef = 2FEA5CD029F89A24006F68B1 /* NetworkManagerMock.swift */; };
		2FEA5CDF29F89A24006F68B1 /* ParameterEnconding.swift in Sources */ = {isa = PBXBuildFile; fileRef = 2FEA5CD229F89A24006F68B1 /* ParameterEnconding.swift */; };
		2FEA5CE029F89A24006F68B1 /* JSONParameterEncoder.swift in Sources */ = {isa = PBXBuildFile; fileRef = 2FEA5CD329F89A24006F68B1 /* JSONParameterEncoder.swift */; };
		2FEA5CE129F89A24006F68B1 /* URLParameterEnconding.swift in Sources */ = {isa = PBXBuildFile; fileRef = 2FEA5CD429F89A24006F68B1 /* URLParameterEnconding.swift */; };
		2FEA5CE229F89A24006F68B1 /* NetworkManager.swift in Sources */ = {isa = PBXBuildFile; fileRef = 2FEA5CD629F89A24006F68B1 /* NetworkManager.swift */; };
		2FEA5CE329F89A24006F68B1 /* GarupaEndpoint.swift in Sources */ = {isa = PBXBuildFile; fileRef = 2FEA5CD829F89A24006F68B1 /* GarupaEndpoint.swift */; };
		2FEA5CE429F89A24006F68B1 /* HTTPTask.swift in Sources */ = {isa = PBXBuildFile; fileRef = 2FEA5CDA29F89A24006F68B1 /* HTTPTask.swift */; };
		2FEA5CE529F89A24006F68B1 /* HTTPMethod.swift in Sources */ = {isa = PBXBuildFile; fileRef = 2FEA5CDB29F89A24006F68B1 /* HTTPMethod.swift */; };
		2FEA5CE629F89A24006F68B1 /* Router.swift in Sources */ = {isa = PBXBuildFile; fileRef = 2FEA5CDC29F89A24006F68B1 /* Router.swift */; };
		2FEA5CE729F89A24006F68B1 /* EndPointType.swift in Sources */ = {isa = PBXBuildFile; fileRef = 2FEA5CDD29F89A24006F68B1 /* EndPointType.swift */; };
		2FEA5CE929F89B01006F68B1 /* ListBeersService.swift in Sources */ = {isa = PBXBuildFile; fileRef = 2FEA5CE829F89B01006F68B1 /* ListBeersService.swift */; };
		2FEA5CEB29F89D4B006F68B1 /* ViewModelling.swift in Sources */ = {isa = PBXBuildFile; fileRef = 2FEA5CEA29F89D4B006F68B1 /* ViewModelling.swift */; };
		2FEA5CEE29FAE835006F68B1 /* ToastView.swift in Sources */ = {isa = PBXBuildFile; fileRef = 2FEA5CED29FAE835006F68B1 /* ToastView.swift */; };
		2FEA5CF329FAEB52006F68B1 /* BeerDetailViewModelTests.swift in Sources */ = {isa = PBXBuildFile; fileRef = 2FEA5CF229FAEB52006F68B1 /* BeerDetailViewModelTests.swift */; };
		2FEA5CF529FAEC82006F68B1 /* Mockables.swift in Sources */ = {isa = PBXBuildFile; fileRef = 2FEA5CF429FAEC82006F68B1 /* Mockables.swift */; };
		2FEA5CF829FAF75E006F68B1 /* BeerDetailViewControllerTests.swift in Sources */ = {isa = PBXBuildFile; fileRef = 2FEA5CF729FAF75E006F68B1 /* BeerDetailViewControllerTests.swift */; };
		2FEA5CFC29FB1A0A006F68B1 /* ListBeersViewModelTests.swift in Sources */ = {isa = PBXBuildFile; fileRef = 2FEA5CFB29FB1A0A006F68B1 /* ListBeersViewModelTests.swift */; };
		524C84E9F4C6B05011654B4C /* libPods-GarupaTest-GarupaTestTests.a in Frameworks */ = {isa = PBXBuildFile; fileRef = E1846AD67BDC0830FD166236 /* libPods-GarupaTest-GarupaTestTests.a */; };
/* End PBXBuildFile section */

/* Begin PBXContainerItemProxy section */
		2FEA5C3A29F5DD0F006F68B1 /* PBXContainerItemProxy */ = {
			isa = PBXContainerItemProxy;
			containerPortal = 2FEA5C1B29F5DD0D006F68B1 /* Project object */;
			proxyType = 1;
			remoteGlobalIDString = 2FEA5C2229F5DD0D006F68B1;
			remoteInfo = GarupaTest;
		};
		2FEA5C4429F5DD0F006F68B1 /* PBXContainerItemProxy */ = {
			isa = PBXContainerItemProxy;
			containerPortal = 2FEA5C1B29F5DD0D006F68B1 /* Project object */;
			proxyType = 1;
			remoteGlobalIDString = 2FEA5C2229F5DD0D006F68B1;
			remoteInfo = GarupaTest;
		};
/* End PBXContainerItemProxy section */

/* Begin PBXFileReference section */
		2FEA5C2329F5DD0D006F68B1 /* GarupaTest.app */ = {isa = PBXFileReference; explicitFileType = wrapper.application; includeInIndex = 0; path = GarupaTest.app; sourceTree = BUILT_PRODUCTS_DIR; };
		2FEA5C2629F5DD0D006F68B1 /* AppDelegate.swift */ = {isa = PBXFileReference; lastKnownFileType = sourcecode.swift; path = AppDelegate.swift; sourceTree = "<group>"; };
		2FEA5C2F29F5DD0F006F68B1 /* Assets.xcassets */ = {isa = PBXFileReference; lastKnownFileType = folder.assetcatalog; path = Assets.xcassets; sourceTree = "<group>"; };
		2FEA5C3229F5DD0F006F68B1 /* Base */ = {isa = PBXFileReference; lastKnownFileType = file.storyboard; name = Base; path = Base.lproj/LaunchScreen.storyboard; sourceTree = "<group>"; };
		2FEA5C3429F5DD0F006F68B1 /* Info.plist */ = {isa = PBXFileReference; lastKnownFileType = text.plist.xml; path = Info.plist; sourceTree = "<group>"; };
		2FEA5C3929F5DD0F006F68B1 /* GarupaTestTests.xctest */ = {isa = PBXFileReference; explicitFileType = wrapper.cfbundle; includeInIndex = 0; path = GarupaTestTests.xctest; sourceTree = BUILT_PRODUCTS_DIR; };
		2FEA5C3D29F5DD0F006F68B1 /* GarupaTestTests.swift */ = {isa = PBXFileReference; lastKnownFileType = sourcecode.swift; path = GarupaTestTests.swift; sourceTree = "<group>"; };
		2FEA5C4329F5DD0F006F68B1 /* GarupaTestUITests.xctest */ = {isa = PBXFileReference; explicitFileType = wrapper.cfbundle; includeInIndex = 0; path = GarupaTestUITests.xctest; sourceTree = BUILT_PRODUCTS_DIR; };
		2FEA5C4729F5DD0F006F68B1 /* GarupaTestUITests.swift */ = {isa = PBXFileReference; lastKnownFileType = sourcecode.swift; path = GarupaTestUITests.swift; sourceTree = "<group>"; };
		2FEA5C4929F5DD0F006F68B1 /* GarupaTestUITestsLaunchTests.swift */ = {isa = PBXFileReference; lastKnownFileType = sourcecode.swift; path = GarupaTestUITestsLaunchTests.swift; sourceTree = "<group>"; };
		2FEA5C5F29F5DFCF006F68B1 /* ListBeersViewController.swift */ = {isa = PBXFileReference; lastKnownFileType = sourcecode.swift; path = ListBeersViewController.swift; sourceTree = "<group>"; };
		2FEA5C6129F5E33C006F68B1 /* SceneDelegate.swift */ = {isa = PBXFileReference; lastKnownFileType = sourcecode.swift; path = SceneDelegate.swift; sourceTree = "<group>"; };
		2FEA5C6429F5E53E006F68B1 /* ListBeersView.swift */ = {isa = PBXFileReference; lastKnownFileType = sourcecode.swift; path = ListBeersView.swift; sourceTree = "<group>"; };
		2FEA5C6729F5E809006F68B1 /* ScreenSize.swift */ = {isa = PBXFileReference; lastKnownFileType = sourcecode.swift; path = ScreenSize.swift; sourceTree = "<group>"; };
		2FEA5C6929F5EBD8006F68B1 /* BeerColectionViewCell.swift */ = {isa = PBXFileReference; lastKnownFileType = sourcecode.swift; path = BeerColectionViewCell.swift; sourceTree = "<group>"; };
		2FEA5C6C29F60AC9006F68B1 /* Constants.swift */ = {isa = PBXFileReference; lastKnownFileType = sourcecode.swift; path = Constants.swift; sourceTree = "<group>"; };
		2FEA5C6E29F60DD1006F68B1 /* NSObject+Ext.swift */ = {isa = PBXFileReference; lastKnownFileType = sourcecode.swift; path = "NSObject+Ext.swift"; sourceTree = "<group>"; };
		2FEA5C7029F61027006F68B1 /* BeerModel.swift */ = {isa = PBXFileReference; lastKnownFileType = sourcecode.swift; path = BeerModel.swift; sourceTree = "<group>"; };
		2FEA5C7229F610B1006F68B1 /* VolumeModel.swift */ = {isa = PBXFileReference; lastKnownFileType = sourcecode.swift; path = VolumeModel.swift; sourceTree = "<group>"; };
		2FEA5C7429F610F1006F68B1 /* MethodModel.swift */ = {isa = PBXFileReference; lastKnownFileType = sourcecode.swift; path = MethodModel.swift; sourceTree = "<group>"; };
		2FEA5C7629F6111A006F68B1 /* MashTemp.swift */ = {isa = PBXFileReference; lastKnownFileType = sourcecode.swift; path = MashTemp.swift; sourceTree = "<group>"; };
		2FEA5C7829F61125006F68B1 /* TempModel.swift */ = {isa = PBXFileReference; lastKnownFileType = sourcecode.swift; path = TempModel.swift; sourceTree = "<group>"; };
		2FEA5C7A29F61192006F68B1 /* FermentationModel.swift */ = {isa = PBXFileReference; lastKnownFileType = sourcecode.swift; path = FermentationModel.swift; sourceTree = "<group>"; };
		2FEA5C7C29F611CA006F68B1 /* MaltModel.swift */ = {isa = PBXFileReference; lastKnownFileType = sourcecode.swift; path = MaltModel.swift; sourceTree = "<group>"; };
		2FEA5C7E29F611EC006F68B1 /* AmountModel.swift */ = {isa = PBXFileReference; lastKnownFileType = sourcecode.swift; path = AmountModel.swift; sourceTree = "<group>"; };
		2FEA5C8029F6123A006F68B1 /* HopModel.swift */ = {isa = PBXFileReference; lastKnownFileType = sourcecode.swift; path = HopModel.swift; sourceTree = "<group>"; };
		2FEA5C8229F61260006F68B1 /* IngredientsModel.swift */ = {isa = PBXFileReference; lastKnownFileType = sourcecode.swift; path = IngredientsModel.swift; sourceTree = "<group>"; };
		2FEA5CB429F83702006F68B1 /* BeerDetailViewModel.swift */ = {isa = PBXFileReference; fileEncoding = 4; lastKnownFileType = sourcecode.swift; path = BeerDetailViewModel.swift; sourceTree = "<group>"; };
		2FEA5CB629F83702006F68B1 /* BeerDetailViewController.swift */ = {isa = PBXFileReference; fileEncoding = 4; lastKnownFileType = sourcecode.swift; path = BeerDetailViewController.swift; sourceTree = "<group>"; };
		2FEA5CB929F83702006F68B1 /* BeerDetailView.swift */ = {isa = PBXFileReference; fileEncoding = 4; lastKnownFileType = sourcecode.swift; path = BeerDetailView.swift; sourceTree = "<group>"; };
		2FEA5CBA29F83702006F68B1 /* BeerFoodPairingTableViewCell.swift */ = {isa = PBXFileReference; fileEncoding = 4; lastKnownFileType = sourcecode.swift; path = BeerFoodPairingTableViewCell.swift; sourceTree = "<group>"; };
		2FEA5CBB29F83702006F68B1 /* BeerExtraInfoTableViewCell.swift */ = {isa = PBXFileReference; fileEncoding = 4; lastKnownFileType = sourcecode.swift; path = BeerExtraInfoTableViewCell.swift; sourceTree = "<group>"; };
		2FEA5CC229F87618006F68B1 /* ListBeersViewModel.swift */ = {isa = PBXFileReference; fileEncoding = 4; lastKnownFileType = sourcecode.swift; path = ListBeersViewModel.swift; sourceTree = "<group>"; };
		2FEA5CC629F88B5A006F68B1 /* BaseViewController.swift */ = {isa = PBXFileReference; lastKnownFileType = sourcecode.swift; path = BaseViewController.swift; sourceTree = "<group>"; };
		2FEA5CC829F88BA6006F68B1 /* StateProtocol.swift */ = {isa = PBXFileReference; lastKnownFileType = sourcecode.swift; path = StateProtocol.swift; sourceTree = "<group>"; };
		2FEA5CCA29F88BC4006F68B1 /* ProgressView.swift */ = {isa = PBXFileReference; lastKnownFileType = sourcecode.swift; path = ProgressView.swift; sourceTree = "<group>"; };
		2FEA5CCC29F88BF0006F68B1 /* ErrorView.swift */ = {isa = PBXFileReference; lastKnownFileType = sourcecode.swift; path = ErrorView.swift; sourceTree = "<group>"; };
		2FEA5CD029F89A24006F68B1 /* NetworkManagerMock.swift */ = {isa = PBXFileReference; fileEncoding = 4; lastKnownFileType = sourcecode.swift; path = NetworkManagerMock.swift; sourceTree = "<group>"; };
		2FEA5CD229F89A24006F68B1 /* ParameterEnconding.swift */ = {isa = PBXFileReference; fileEncoding = 4; lastKnownFileType = sourcecode.swift; path = ParameterEnconding.swift; sourceTree = "<group>"; };
		2FEA5CD329F89A24006F68B1 /* JSONParameterEncoder.swift */ = {isa = PBXFileReference; fileEncoding = 4; lastKnownFileType = sourcecode.swift; path = JSONParameterEncoder.swift; sourceTree = "<group>"; };
		2FEA5CD429F89A24006F68B1 /* URLParameterEnconding.swift */ = {isa = PBXFileReference; fileEncoding = 4; lastKnownFileType = sourcecode.swift; path = URLParameterEnconding.swift; sourceTree = "<group>"; };
		2FEA5CD629F89A24006F68B1 /* NetworkManager.swift */ = {isa = PBXFileReference; fileEncoding = 4; lastKnownFileType = sourcecode.swift; path = NetworkManager.swift; sourceTree = "<group>"; };
		2FEA5CD829F89A24006F68B1 /* GarupaEndpoint.swift */ = {isa = PBXFileReference; fileEncoding = 4; lastKnownFileType = sourcecode.swift; path = GarupaEndpoint.swift; sourceTree = "<group>"; };
		2FEA5CDA29F89A24006F68B1 /* HTTPTask.swift */ = {isa = PBXFileReference; fileEncoding = 4; lastKnownFileType = sourcecode.swift; path = HTTPTask.swift; sourceTree = "<group>"; };
		2FEA5CDB29F89A24006F68B1 /* HTTPMethod.swift */ = {isa = PBXFileReference; fileEncoding = 4; lastKnownFileType = sourcecode.swift; path = HTTPMethod.swift; sourceTree = "<group>"; };
		2FEA5CDC29F89A24006F68B1 /* Router.swift */ = {isa = PBXFileReference; fileEncoding = 4; lastKnownFileType = sourcecode.swift; path = Router.swift; sourceTree = "<group>"; };
		2FEA5CDD29F89A24006F68B1 /* EndPointType.swift */ = {isa = PBXFileReference; fileEncoding = 4; lastKnownFileType = sourcecode.swift; path = EndPointType.swift; sourceTree = "<group>"; };
		2FEA5CE829F89B01006F68B1 /* ListBeersService.swift */ = {isa = PBXFileReference; lastKnownFileType = sourcecode.swift; path = ListBeersService.swift; sourceTree = "<group>"; };
		2FEA5CEA29F89D4B006F68B1 /* ViewModelling.swift */ = {isa = PBXFileReference; lastKnownFileType = sourcecode.swift; path = ViewModelling.swift; sourceTree = "<group>"; };
		2FEA5CED29FAE835006F68B1 /* ToastView.swift */ = {isa = PBXFileReference; lastKnownFileType = sourcecode.swift; path = ToastView.swift; sourceTree = "<group>"; };
		2FEA5CF229FAEB52006F68B1 /* BeerDetailViewModelTests.swift */ = {isa = PBXFileReference; lastKnownFileType = sourcecode.swift; path = BeerDetailViewModelTests.swift; sourceTree = "<group>"; };
		2FEA5CF429FAEC82006F68B1 /* Mockables.swift */ = {isa = PBXFileReference; lastKnownFileType = sourcecode.swift; path = Mockables.swift; sourceTree = "<group>"; };
		2FEA5CF729FAF75E006F68B1 /* BeerDetailViewControllerTests.swift */ = {isa = PBXFileReference; lastKnownFileType = sourcecode.swift; path = BeerDetailViewControllerTests.swift; sourceTree = "<group>"; };
		2FEA5CFB29FB1A0A006F68B1 /* ListBeersViewModelTests.swift */ = {isa = PBXFileReference; lastKnownFileType = sourcecode.swift; path = ListBeersViewModelTests.swift; sourceTree = "<group>"; };
		4EE2BBCFE5D4F6DE2488862E /* libPods-GarupaTest.a */ = {isa = PBXFileReference; explicitFileType = archive.ar; includeInIndex = 0; path = "libPods-GarupaTest.a"; sourceTree = BUILT_PRODUCTS_DIR; };
		7BB5E6A962F8FEDE65AE3732 /* Pods-GarupaTest-GarupaTestTests.debug.xcconfig */ = {isa = PBXFileReference; includeInIndex = 1; lastKnownFileType = text.xcconfig; name = "Pods-GarupaTest-GarupaTestTests.debug.xcconfig"; path = "Target Support Files/Pods-GarupaTest-GarupaTestTests/Pods-GarupaTest-GarupaTestTests.debug.xcconfig"; sourceTree = "<group>"; };
		95556E771A8A5BAE36653533 /* Pods-GarupaTest.release.xcconfig */ = {isa = PBXFileReference; includeInIndex = 1; lastKnownFileType = text.xcconfig; name = "Pods-GarupaTest.release.xcconfig"; path = "Target Support Files/Pods-GarupaTest/Pods-GarupaTest.release.xcconfig"; sourceTree = "<group>"; };
		C36FEBAE85CEE59633ACCB17 /* Pods-GarupaTest-GarupaTestTests.release.xcconfig */ = {isa = PBXFileReference; includeInIndex = 1; lastKnownFileType = text.xcconfig; name = "Pods-GarupaTest-GarupaTestTests.release.xcconfig"; path = "Target Support Files/Pods-GarupaTest-GarupaTestTests/Pods-GarupaTest-GarupaTestTests.release.xcconfig"; sourceTree = "<group>"; };
		E1846AD67BDC0830FD166236 /* libPods-GarupaTest-GarupaTestTests.a */ = {isa = PBXFileReference; explicitFileType = archive.ar; includeInIndex = 0; path = "libPods-GarupaTest-GarupaTestTests.a"; sourceTree = BUILT_PRODUCTS_DIR; };
		F6B8153C68B7D8DD2948B674 /* Pods-GarupaTest.debug.xcconfig */ = {isa = PBXFileReference; includeInIndex = 1; lastKnownFileType = text.xcconfig; name = "Pods-GarupaTest.debug.xcconfig"; path = "Target Support Files/Pods-GarupaTest/Pods-GarupaTest.debug.xcconfig"; sourceTree = "<group>"; };
/* End PBXFileReference section */

/* Begin PBXFrameworksBuildPhase section */
		2FEA5C2029F5DD0D006F68B1 /* Frameworks */ = {
			isa = PBXFrameworksBuildPhase;
			buildActionMask = 2147483647;
			files = (
				003925235602250D816C3280 /* libPods-GarupaTest.a in Frameworks */,
			);
			runOnlyForDeploymentPostprocessing = 0;
		};
		2FEA5C3629F5DD0F006F68B1 /* Frameworks */ = {
			isa = PBXFrameworksBuildPhase;
			buildActionMask = 2147483647;
			files = (
				524C84E9F4C6B05011654B4C /* libPods-GarupaTest-GarupaTestTests.a in Frameworks */,
			);
			runOnlyForDeploymentPostprocessing = 0;
		};
		2FEA5C4029F5DD0F006F68B1 /* Frameworks */ = {
			isa = PBXFrameworksBuildPhase;
			buildActionMask = 2147483647;
			files = (
			);
			runOnlyForDeploymentPostprocessing = 0;
		};
/* End PBXFrameworksBuildPhase section */

/* Begin PBXGroup section */
		2FEA5C1A29F5DD0D006F68B1 = {
			isa = PBXGroup;
			children = (
				2FEA5C2529F5DD0D006F68B1 /* GarupaTest */,
				2FEA5C3C29F5DD0F006F68B1 /* GarupaTestTests */,
				2FEA5C4629F5DD0F006F68B1 /* GarupaTestUITests */,
				2FEA5C2429F5DD0D006F68B1 /* Products */,
				694C8E58F81BF24068EF0545 /* Pods */,
				CCA3E89BA12C45A37F851B16 /* Frameworks */,
			);
			sourceTree = "<group>";
		};
		2FEA5C2429F5DD0D006F68B1 /* Products */ = {
			isa = PBXGroup;
			children = (
				2FEA5C2329F5DD0D006F68B1 /* GarupaTest.app */,
				2FEA5C3929F5DD0F006F68B1 /* GarupaTestTests.xctest */,
				2FEA5C4329F5DD0F006F68B1 /* GarupaTestUITests.xctest */,
			);
			name = Products;
			sourceTree = "<group>";
		};
		2FEA5C2529F5DD0D006F68B1 /* GarupaTest */ = {
			isa = PBXGroup;
			children = (
				2FEA5CCE29F89A24006F68B1 /* API */,
				2FEA5C6329F5E518006F68B1 /* App */,
				2FEA5C6629F5E7FC006F68B1 /* Common */,
				2FEA5C5629F5DEA6006F68B1 /* Features */,
				2FEA5C3429F5DD0F006F68B1 /* Info.plist */,
			);
			path = GarupaTest;
			sourceTree = "<group>";
		};
		2FEA5C3C29F5DD0F006F68B1 /* GarupaTestTests */ = {
			isa = PBXGroup;
			children = (
				2FEA5CEF29FAEB2A006F68B1 /* Features */,
				2FEA5C3D29F5DD0F006F68B1 /* GarupaTestTests.swift */,
				2FEA5CF429FAEC82006F68B1 /* Mockables.swift */,
			);
			path = GarupaTestTests;
			sourceTree = "<group>";
		};
		2FEA5C4629F5DD0F006F68B1 /* GarupaTestUITests */ = {
			isa = PBXGroup;
			children = (
				2FEA5C4729F5DD0F006F68B1 /* GarupaTestUITests.swift */,
				2FEA5C4929F5DD0F006F68B1 /* GarupaTestUITestsLaunchTests.swift */,
			);
			path = GarupaTestUITests;
			sourceTree = "<group>";
		};
		2FEA5C5629F5DEA6006F68B1 /* Features */ = {
			isa = PBXGroup;
			children = (
				2FEA5CB229F83702006F68B1 /* BeerDetail */,
				2FEA5C5729F5DEAF006F68B1 /* ListBeers */,
			);
			path = Features;
			sourceTree = "<group>";
		};
		2FEA5C5729F5DEAF006F68B1 /* ListBeers */ = {
			isa = PBXGroup;
			children = (
				2FEA5C5C29F5DEFF006F68B1 /* Service */,
				2FEA5C5B29F5DEFA006F68B1 /* ViewModel */,
				2FEA5C5A29F5DEF6006F68B1 /* Model */,
				2FEA5C5929F5DEF1006F68B1 /* View */,
				2FEA5C5829F5DED9006F68B1 /* Controller */,
			);
			path = ListBeers;
			sourceTree = "<group>";
		};
		2FEA5C5829F5DED9006F68B1 /* Controller */ = {
			isa = PBXGroup;
			children = (
				2FEA5C5F29F5DFCF006F68B1 /* ListBeersViewController.swift */,
			);
			path = Controller;
			sourceTree = "<group>";
		};
		2FEA5C5929F5DEF1006F68B1 /* View */ = {
			isa = PBXGroup;
			children = (
				2FEA5C6429F5E53E006F68B1 /* ListBeersView.swift */,
				2FEA5C6929F5EBD8006F68B1 /* BeerColectionViewCell.swift */,
			);
			path = View;
			sourceTree = "<group>";
		};
		2FEA5C5A29F5DEF6006F68B1 /* Model */ = {
			isa = PBXGroup;
			children = (
				2FEA5C7029F61027006F68B1 /* BeerModel.swift */,
				2FEA5C7229F610B1006F68B1 /* VolumeModel.swift */,
				2FEA5C7429F610F1006F68B1 /* MethodModel.swift */,
				2FEA5C7629F6111A006F68B1 /* MashTemp.swift */,
				2FEA5C7829F61125006F68B1 /* TempModel.swift */,
				2FEA5C7A29F61192006F68B1 /* FermentationModel.swift */,
				2FEA5C7C29F611CA006F68B1 /* MaltModel.swift */,
				2FEA5C7E29F611EC006F68B1 /* AmountModel.swift */,
				2FEA5C8029F6123A006F68B1 /* HopModel.swift */,
				2FEA5C8229F61260006F68B1 /* IngredientsModel.swift */,
			);
			path = Model;
			sourceTree = "<group>";
		};
		2FEA5C5B29F5DEFA006F68B1 /* ViewModel */ = {
			isa = PBXGroup;
			children = (
				2FEA5CC229F87618006F68B1 /* ListBeersViewModel.swift */,
			);
			path = ViewModel;
			sourceTree = "<group>";
		};
		2FEA5C5C29F5DEFF006F68B1 /* Service */ = {
			isa = PBXGroup;
			children = (
				2FEA5CE829F89B01006F68B1 /* ListBeersService.swift */,
			);
			path = Service;
			sourceTree = "<group>";
		};
		2FEA5C6329F5E518006F68B1 /* App */ = {
			isa = PBXGroup;
			children = (
				2FEA5C2F29F5DD0F006F68B1 /* Assets.xcassets */,
				2FEA5C3129F5DD0F006F68B1 /* LaunchScreen.storyboard */,
				2FEA5C6129F5E33C006F68B1 /* SceneDelegate.swift */,
				2FEA5C2629F5DD0D006F68B1 /* AppDelegate.swift */,
			);
			path = App;
			sourceTree = "<group>";
		};
		2FEA5C6629F5E7FC006F68B1 /* Common */ = {
			isa = PBXGroup;
			children = (
				2FEA5CEC29FAE82B006F68B1 /* Toast */,
				2FEA5CC529F88B44006F68B1 /* System */,
				2FEA5C6729F5E809006F68B1 /* ScreenSize.swift */,
				2FEA5C6C29F60AC9006F68B1 /* Constants.swift */,
				2FEA5C6E29F60DD1006F68B1 /* NSObject+Ext.swift */,
			);
			path = Common;
			sourceTree = "<group>";
		};
		2FEA5CB229F83702006F68B1 /* BeerDetail */ = {
			isa = PBXGroup;
			children = (
				2FEA5CB329F83702006F68B1 /* ViewModel */,
				2FEA5CB529F83702006F68B1 /* BeerDetailViewController */,
				2FEA5CB729F83702006F68B1 /* Model */,
				2FEA5CB829F83702006F68B1 /* View */,
				2FEA5CBC29F83702006F68B1 /* Service */,
			);
			name = BeerDetail;
			path = GarupaTest/Features/BeerDetail;
			sourceTree = SOURCE_ROOT;
		};
		2FEA5CB329F83702006F68B1 /* ViewModel */ = {
			isa = PBXGroup;
			children = (
				2FEA5CB429F83702006F68B1 /* BeerDetailViewModel.swift */,
			);
			path = ViewModel;
			sourceTree = "<group>";
		};
		2FEA5CB529F83702006F68B1 /* BeerDetailViewController */ = {
			isa = PBXGroup;
			children = (
				2FEA5CB629F83702006F68B1 /* BeerDetailViewController.swift */,
			);
			path = BeerDetailViewController;
			sourceTree = "<group>";
		};
		2FEA5CB729F83702006F68B1 /* Model */ = {
			isa = PBXGroup;
			children = (
			);
			path = Model;
			sourceTree = "<group>";
		};
		2FEA5CB829F83702006F68B1 /* View */ = {
			isa = PBXGroup;
			children = (
				2FEA5CB929F83702006F68B1 /* BeerDetailView.swift */,
				2FEA5CBA29F83702006F68B1 /* BeerFoodPairingTableViewCell.swift */,
				2FEA5CBB29F83702006F68B1 /* BeerExtraInfoTableViewCell.swift */,
			);
			path = View;
			sourceTree = "<group>";
		};
		2FEA5CBC29F83702006F68B1 /* Service */ = {
			isa = PBXGroup;
			children = (
			);
			path = Service;
			sourceTree = "<group>";
		};
		2FEA5CC529F88B44006F68B1 /* System */ = {
			isa = PBXGroup;
			children = (
				2FEA5CC629F88B5A006F68B1 /* BaseViewController.swift */,
				2FEA5CC829F88BA6006F68B1 /* StateProtocol.swift */,
				2FEA5CCA29F88BC4006F68B1 /* ProgressView.swift */,
				2FEA5CCC29F88BF0006F68B1 /* ErrorView.swift */,
				2FEA5CEA29F89D4B006F68B1 /* ViewModelling.swift */,
			);
			path = System;
			sourceTree = "<group>";
		};
		2FEA5CCE29F89A24006F68B1 /* API */ = {
			isa = PBXGroup;
			children = (
				2FEA5CCF29F89A24006F68B1 /* Mock */,
				2FEA5CD129F89A24006F68B1 /* Encoding */,
				2FEA5CD529F89A24006F68B1 /* Manager */,
				2FEA5CD729F89A24006F68B1 /* EndPoint */,
				2FEA5CD929F89A24006F68B1 /* Service */,
			);
			path = API;
			sourceTree = "<group>";
		};
		2FEA5CCF29F89A24006F68B1 /* Mock */ = {
			isa = PBXGroup;
			children = (
				2FEA5CD029F89A24006F68B1 /* NetworkManagerMock.swift */,
			);
			path = Mock;
			sourceTree = "<group>";
		};
		2FEA5CD129F89A24006F68B1 /* Encoding */ = {
			isa = PBXGroup;
			children = (
				2FEA5CD229F89A24006F68B1 /* ParameterEnconding.swift */,
				2FEA5CD329F89A24006F68B1 /* JSONParameterEncoder.swift */,
				2FEA5CD429F89A24006F68B1 /* URLParameterEnconding.swift */,
			);
			path = Encoding;
			sourceTree = "<group>";
		};
		2FEA5CD529F89A24006F68B1 /* Manager */ = {
			isa = PBXGroup;
			children = (
				2FEA5CD629F89A24006F68B1 /* NetworkManager.swift */,
			);
			path = Manager;
			sourceTree = "<group>";
		};
		2FEA5CD729F89A24006F68B1 /* EndPoint */ = {
			isa = PBXGroup;
			children = (
				2FEA5CD829F89A24006F68B1 /* GarupaEndpoint.swift */,
			);
			path = EndPoint;
			sourceTree = "<group>";
		};
		2FEA5CD929F89A24006F68B1 /* Service */ = {
			isa = PBXGroup;
			children = (
				2FEA5CDA29F89A24006F68B1 /* HTTPTask.swift */,
				2FEA5CDB29F89A24006F68B1 /* HTTPMethod.swift */,
				2FEA5CDC29F89A24006F68B1 /* Router.swift */,
				2FEA5CDD29F89A24006F68B1 /* EndPointType.swift */,
			);
			path = Service;
			sourceTree = "<group>";
		};
		2FEA5CEC29FAE82B006F68B1 /* Toast */ = {
			isa = PBXGroup;
			children = (
				2FEA5CED29FAE835006F68B1 /* ToastView.swift */,
			);
			path = Toast;
			sourceTree = "<group>";
		};
		2FEA5CEF29FAEB2A006F68B1 /* Features */ = {
			isa = PBXGroup;
			children = (
				2FEA5CF929FB19E9006F68B1 /* ListBeers */,
				2FEA5CF029FAEB35006F68B1 /* BeerDetail */,
			);
			path = Features;
			sourceTree = "<group>";
		};
		2FEA5CF029FAEB35006F68B1 /* BeerDetail */ = {
			isa = PBXGroup;
			children = (
				2FEA5CF629FAF740006F68B1 /* BeerDetailViewControllerTests */,
				2FEA5CF129FAEB3F006F68B1 /* ViewModel */,
			);
			path = BeerDetail;
			sourceTree = "<group>";
		};
		2FEA5CF129FAEB3F006F68B1 /* ViewModel */ = {
			isa = PBXGroup;
			children = (
				2FEA5CF229FAEB52006F68B1 /* BeerDetailViewModelTests.swift */,
			);
			path = ViewModel;
			sourceTree = "<group>";
		};
		2FEA5CF629FAF740006F68B1 /* BeerDetailViewControllerTests */ = {
			isa = PBXGroup;
			children = (
				2FEA5CF729FAF75E006F68B1 /* BeerDetailViewControllerTests.swift */,
			);
			path = BeerDetailViewControllerTests;
			sourceTree = "<group>";
		};
		2FEA5CF929FB19E9006F68B1 /* ListBeers */ = {
			isa = PBXGroup;
			children = (
				2FEA5CFA29FB19F0006F68B1 /* ViewModel */,
			);
			path = ListBeers;
			sourceTree = "<group>";
		};
		2FEA5CFA29FB19F0006F68B1 /* ViewModel */ = {
			isa = PBXGroup;
			children = (
				2FEA5CFB29FB1A0A006F68B1 /* ListBeersViewModelTests.swift */,
			);
			path = ViewModel;
			sourceTree = "<group>";
		};
		694C8E58F81BF24068EF0545 /* Pods */ = {
			isa = PBXGroup;
			children = (
				F6B8153C68B7D8DD2948B674 /* Pods-GarupaTest.debug.xcconfig */,
				95556E771A8A5BAE36653533 /* Pods-GarupaTest.release.xcconfig */,
				7BB5E6A962F8FEDE65AE3732 /* Pods-GarupaTest-GarupaTestTests.debug.xcconfig */,
				C36FEBAE85CEE59633ACCB17 /* Pods-GarupaTest-GarupaTestTests.release.xcconfig */,
			);
			path = Pods;
			sourceTree = "<group>";
		};
		CCA3E89BA12C45A37F851B16 /* Frameworks */ = {
			isa = PBXGroup;
			children = (
				4EE2BBCFE5D4F6DE2488862E /* libPods-GarupaTest.a */,
				E1846AD67BDC0830FD166236 /* libPods-GarupaTest-GarupaTestTests.a */,
			);
			name = Frameworks;
			sourceTree = "<group>";
		};
/* End PBXGroup section */

/* Begin PBXNativeTarget section */
		2FEA5C2229F5DD0D006F68B1 /* GarupaTest */ = {
			isa = PBXNativeTarget;
			buildConfigurationList = 2FEA5C4D29F5DD0F006F68B1 /* Build configuration list for PBXNativeTarget "GarupaTest" */;
			buildPhases = (
				71D67BC42BDCF3789E7C9330 /* [CP] Check Pods Manifest.lock */,
				2FEA5C1F29F5DD0D006F68B1 /* Sources */,
				2FEA5C2029F5DD0D006F68B1 /* Frameworks */,
				2FEA5C2129F5DD0D006F68B1 /* Resources */,
			);
			buildRules = (
			);
			dependencies = (
			);
			name = GarupaTest;
			productName = GarupaTest;
			productReference = 2FEA5C2329F5DD0D006F68B1 /* GarupaTest.app */;
			productType = "com.apple.product-type.application";
		};
		2FEA5C3829F5DD0F006F68B1 /* GarupaTestTests */ = {
			isa = PBXNativeTarget;
			buildConfigurationList = 2FEA5C5029F5DD0F006F68B1 /* Build configuration list for PBXNativeTarget "GarupaTestTests" */;
			buildPhases = (
				C65BE010F9CDB48CB75D0C01 /* [CP] Check Pods Manifest.lock */,
				2FEA5C3529F5DD0F006F68B1 /* Sources */,
				2FEA5C3629F5DD0F006F68B1 /* Frameworks */,
				2FEA5C3729F5DD0F006F68B1 /* Resources */,
			);
			buildRules = (
			);
			dependencies = (
				2FEA5C3B29F5DD0F006F68B1 /* PBXTargetDependency */,
			);
			name = GarupaTestTests;
			productName = GarupaTestTests;
			productReference = 2FEA5C3929F5DD0F006F68B1 /* GarupaTestTests.xctest */;
			productType = "com.apple.product-type.bundle.unit-test";
		};
		2FEA5C4229F5DD0F006F68B1 /* GarupaTestUITests */ = {
			isa = PBXNativeTarget;
			buildConfigurationList = 2FEA5C5329F5DD0F006F68B1 /* Build configuration list for PBXNativeTarget "GarupaTestUITests" */;
			buildPhases = (
				2FEA5C3F29F5DD0F006F68B1 /* Sources */,
				2FEA5C4029F5DD0F006F68B1 /* Frameworks */,
				2FEA5C4129F5DD0F006F68B1 /* Resources */,
			);
			buildRules = (
			);
			dependencies = (
				2FEA5C4529F5DD0F006F68B1 /* PBXTargetDependency */,
			);
			name = GarupaTestUITests;
			productName = GarupaTestUITests;
			productReference = 2FEA5C4329F5DD0F006F68B1 /* GarupaTestUITests.xctest */;
			productType = "com.apple.product-type.bundle.ui-testing";
		};
/* End PBXNativeTarget section */

/* Begin PBXProject section */
		2FEA5C1B29F5DD0D006F68B1 /* Project object */ = {
			isa = PBXProject;
			attributes = {
				BuildIndependentTargetsInParallel = 1;
				LastSwiftUpdateCheck = 1420;
				LastUpgradeCheck = 1420;
				TargetAttributes = {
					2FEA5C2229F5DD0D006F68B1 = {
						CreatedOnToolsVersion = 14.2;
					};
					2FEA5C3829F5DD0F006F68B1 = {
						CreatedOnToolsVersion = 14.2;
						TestTargetID = 2FEA5C2229F5DD0D006F68B1;
					};
					2FEA5C4229F5DD0F006F68B1 = {
						CreatedOnToolsVersion = 14.2;
						TestTargetID = 2FEA5C2229F5DD0D006F68B1;
					};
				};
			};
			buildConfigurationList = 2FEA5C1E29F5DD0D006F68B1 /* Build configuration list for PBXProject "GarupaTest" */;
			compatibilityVersion = "Xcode 14.0";
			developmentRegion = en;
			hasScannedForEncodings = 0;
			knownRegions = (
				en,
				Base,
			);
			mainGroup = 2FEA5C1A29F5DD0D006F68B1;
			productRefGroup = 2FEA5C2429F5DD0D006F68B1 /* Products */;
			projectDirPath = "";
			projectRoot = "";
			targets = (
				2FEA5C2229F5DD0D006F68B1 /* GarupaTest */,
				2FEA5C3829F5DD0F006F68B1 /* GarupaTestTests */,
				2FEA5C4229F5DD0F006F68B1 /* GarupaTestUITests */,
			);
		};
/* End PBXProject section */

/* Begin PBXResourcesBuildPhase section */
		2FEA5C2129F5DD0D006F68B1 /* Resources */ = {
			isa = PBXResourcesBuildPhase;
			buildActionMask = 2147483647;
			files = (
				2FEA5C3329F5DD0F006F68B1 /* LaunchScreen.storyboard in Resources */,
				2FEA5C3029F5DD0F006F68B1 /* Assets.xcassets in Resources */,
			);
			runOnlyForDeploymentPostprocessing = 0;
		};
		2FEA5C3729F5DD0F006F68B1 /* Resources */ = {
			isa = PBXResourcesBuildPhase;
			buildActionMask = 2147483647;
			files = (
			);
			runOnlyForDeploymentPostprocessing = 0;
		};
		2FEA5C4129F5DD0F006F68B1 /* Resources */ = {
			isa = PBXResourcesBuildPhase;
			buildActionMask = 2147483647;
			files = (
			);
			runOnlyForDeploymentPostprocessing = 0;
		};
/* End PBXResourcesBuildPhase section */

/* Begin PBXShellScriptBuildPhase section */
		71D67BC42BDCF3789E7C9330 /* [CP] Check Pods Manifest.lock */ = {
			isa = PBXShellScriptBuildPhase;
			buildActionMask = 2147483647;
			files = (
			);
			inputFileListPaths = (
			);
			inputPaths = (
				"${PODS_PODFILE_DIR_PATH}/Podfile.lock",
				"${PODS_ROOT}/Manifest.lock",
			);
			name = "[CP] Check Pods Manifest.lock";
			outputFileListPaths = (
			);
			outputPaths = (
				"$(DERIVED_FILE_DIR)/Pods-GarupaTest-checkManifestLockResult.txt",
			);
			runOnlyForDeploymentPostprocessing = 0;
			shellPath = /bin/sh;
			shellScript = "diff \"${PODS_PODFILE_DIR_PATH}/Podfile.lock\" \"${PODS_ROOT}/Manifest.lock\" > /dev/null\nif [ $? != 0 ] ; then\n    # print error to STDERR\n    echo \"error: The sandbox is not in sync with the Podfile.lock. Run 'pod install' or update your CocoaPods installation.\" >&2\n    exit 1\nfi\n# This output is used by Xcode 'outputs' to avoid re-running this script phase.\necho \"SUCCESS\" > \"${SCRIPT_OUTPUT_FILE_0}\"\n";
			showEnvVarsInLog = 0;
		};
		C65BE010F9CDB48CB75D0C01 /* [CP] Check Pods Manifest.lock */ = {
			isa = PBXShellScriptBuildPhase;
			buildActionMask = 2147483647;
			files = (
			);
			inputFileListPaths = (
			);
			inputPaths = (
				"${PODS_PODFILE_DIR_PATH}/Podfile.lock",
				"${PODS_ROOT}/Manifest.lock",
			);
			name = "[CP] Check Pods Manifest.lock";
			outputFileListPaths = (
			);
			outputPaths = (
				"$(DERIVED_FILE_DIR)/Pods-GarupaTest-GarupaTestTests-checkManifestLockResult.txt",
			);
			runOnlyForDeploymentPostprocessing = 0;
			shellPath = /bin/sh;
			shellScript = "diff \"${PODS_PODFILE_DIR_PATH}/Podfile.lock\" \"${PODS_ROOT}/Manifest.lock\" > /dev/null\nif [ $? != 0 ] ; then\n    # print error to STDERR\n    echo \"error: The sandbox is not in sync with the Podfile.lock. Run 'pod install' or update your CocoaPods installation.\" >&2\n    exit 1\nfi\n# This output is used by Xcode 'outputs' to avoid re-running this script phase.\necho \"SUCCESS\" > \"${SCRIPT_OUTPUT_FILE_0}\"\n";
			showEnvVarsInLog = 0;
		};
/* End PBXShellScriptBuildPhase section */

/* Begin PBXSourcesBuildPhase section */
		2FEA5C1F29F5DD0D006F68B1 /* Sources */ = {
			isa = PBXSourcesBuildPhase;
			buildActionMask = 2147483647;
			files = (
				2FEA5CE929F89B01006F68B1 /* ListBeersService.swift in Sources */,
				2FEA5C8329F61260006F68B1 /* IngredientsModel.swift in Sources */,
				2FEA5CDF29F89A24006F68B1 /* ParameterEnconding.swift in Sources */,
				2FEA5C6829F5E809006F68B1 /* ScreenSize.swift in Sources */,
				2FEA5C7F29F611ED006F68B1 /* AmountModel.swift in Sources */,
				2FEA5C7929F61125006F68B1 /* TempModel.swift in Sources */,
				2FEA5CC329F87618006F68B1 /* ListBeersViewModel.swift in Sources */,
				2FEA5CE329F89A24006F68B1 /* GarupaEndpoint.swift in Sources */,
				2FEA5C6F29F60DD1006F68B1 /* NSObject+Ext.swift in Sources */,
				2FEA5CE629F89A24006F68B1 /* Router.swift in Sources */,
				2FEA5CC129F83702006F68B1 /* BeerExtraInfoTableViewCell.swift in Sources */,
				2FEA5CBF29F83702006F68B1 /* BeerDetailView.swift in Sources */,
				2FEA5CBE29F83702006F68B1 /* BeerDetailViewController.swift in Sources */,
				2FEA5CC929F88BA6006F68B1 /* StateProtocol.swift in Sources */,
				2FEA5C7129F61027006F68B1 /* BeerModel.swift in Sources */,
				2FEA5CDE29F89A24006F68B1 /* NetworkManagerMock.swift in Sources */,
				2FEA5CCD29F88BF0006F68B1 /* ErrorView.swift in Sources */,
				2FEA5C6529F5E53E006F68B1 /* ListBeersView.swift in Sources */,
				2FEA5CE229F89A24006F68B1 /* NetworkManager.swift in Sources */,
				2FEA5C7B29F61192006F68B1 /* FermentationModel.swift in Sources */,
				2FEA5CC029F83702006F68B1 /* BeerFoodPairingTableViewCell.swift in Sources */,
				2FEA5C6029F5DFCF006F68B1 /* ListBeersViewController.swift in Sources */,
				2FEA5CBD29F83702006F68B1 /* BeerDetailViewModel.swift in Sources */,
				2FEA5CE729F89A24006F68B1 /* EndPointType.swift in Sources */,
				2FEA5CEE29FAE835006F68B1 /* ToastView.swift in Sources */,
				2FEA5CE429F89A24006F68B1 /* HTTPTask.swift in Sources */,
				2FEA5C2729F5DD0D006F68B1 /* AppDelegate.swift in Sources */,
				2FEA5CE029F89A24006F68B1 /* JSONParameterEncoder.swift in Sources */,
				2FEA5CCB29F88BC4006F68B1 /* ProgressView.swift in Sources */,
				2FEA5C8129F6123A006F68B1 /* HopModel.swift in Sources */,
				2FEA5C6D29F60AC9006F68B1 /* Constants.swift in Sources */,
				2FEA5C6229F5E33C006F68B1 /* SceneDelegate.swift in Sources */,
				2FEA5C7729F6111A006F68B1 /* MashTemp.swift in Sources */,
				2FEA5CC729F88B5A006F68B1 /* BaseViewController.swift in Sources */,
				2FEA5C7D29F611CA006F68B1 /* MaltModel.swift in Sources */,
				2FEA5C7529F610F1006F68B1 /* MethodModel.swift in Sources */,
				2FEA5CE529F89A24006F68B1 /* HTTPMethod.swift in Sources */,
				2FEA5CEB29F89D4B006F68B1 /* ViewModelling.swift in Sources */,
				2FEA5C6A29F5EBD8006F68B1 /* BeerColectionViewCell.swift in Sources */,
				2FEA5C7329F610B1006F68B1 /* VolumeModel.swift in Sources */,
				2FEA5CE129F89A24006F68B1 /* URLParameterEnconding.swift in Sources */,
			);
			runOnlyForDeploymentPostprocessing = 0;
		};
		2FEA5C3529F5DD0F006F68B1 /* Sources */ = {
			isa = PBXSourcesBuildPhase;
			buildActionMask = 2147483647;
			files = (
				2FEA5CF529FAEC82006F68B1 /* Mockables.swift in Sources */,
				2FEA5CF829FAF75E006F68B1 /* BeerDetailViewControllerTests.swift in Sources */,
				2FEA5CFC29FB1A0A006F68B1 /* ListBeersViewModelTests.swift in Sources */,
				2FEA5C3E29F5DD0F006F68B1 /* GarupaTestTests.swift in Sources */,
				2FEA5CF329FAEB52006F68B1 /* BeerDetailViewModelTests.swift in Sources */,
			);
			runOnlyForDeploymentPostprocessing = 0;
		};
		2FEA5C3F29F5DD0F006F68B1 /* Sources */ = {
			isa = PBXSourcesBuildPhase;
			buildActionMask = 2147483647;
			files = (
				2FEA5C4A29F5DD0F006F68B1 /* GarupaTestUITestsLaunchTests.swift in Sources */,
				2FEA5C4829F5DD0F006F68B1 /* GarupaTestUITests.swift in Sources */,
			);
			runOnlyForDeploymentPostprocessing = 0;
		};
/* End PBXSourcesBuildPhase section */

/* Begin PBXTargetDependency section */
		2FEA5C3B29F5DD0F006F68B1 /* PBXTargetDependency */ = {
			isa = PBXTargetDependency;
			target = 2FEA5C2229F5DD0D006F68B1 /* GarupaTest */;
			targetProxy = 2FEA5C3A29F5DD0F006F68B1 /* PBXContainerItemProxy */;
		};
		2FEA5C4529F5DD0F006F68B1 /* PBXTargetDependency */ = {
			isa = PBXTargetDependency;
			target = 2FEA5C2229F5DD0D006F68B1 /* GarupaTest */;
			targetProxy = 2FEA5C4429F5DD0F006F68B1 /* PBXContainerItemProxy */;
		};
/* End PBXTargetDependency section */

/* Begin PBXVariantGroup section */
		2FEA5C3129F5DD0F006F68B1 /* LaunchScreen.storyboard */ = {
			isa = PBXVariantGroup;
			children = (
				2FEA5C3229F5DD0F006F68B1 /* Base */,
			);
			name = LaunchScreen.storyboard;
			sourceTree = "<group>";
		};
/* End PBXVariantGroup section */

/* Begin XCBuildConfiguration section */
		2FEA5C4B29F5DD0F006F68B1 /* Debug */ = {
			isa = XCBuildConfiguration;
			buildSettings = {
				ALWAYS_SEARCH_USER_PATHS = NO;
				CLANG_ANALYZER_NONNULL = YES;
				CLANG_ANALYZER_NUMBER_OBJECT_CONVERSION = YES_AGGRESSIVE;
				CLANG_CXX_LANGUAGE_STANDARD = "gnu++20";
				CLANG_ENABLE_MODULES = YES;
				CLANG_ENABLE_OBJC_ARC = YES;
				CLANG_ENABLE_OBJC_WEAK = YES;
				CLANG_WARN_BLOCK_CAPTURE_AUTORELEASING = YES;
				CLANG_WARN_BOOL_CONVERSION = YES;
				CLANG_WARN_COMMA = YES;
				CLANG_WARN_CONSTANT_CONVERSION = YES;
				CLANG_WARN_DEPRECATED_OBJC_IMPLEMENTATIONS = YES;
				CLANG_WARN_DIRECT_OBJC_ISA_USAGE = YES_ERROR;
				CLANG_WARN_DOCUMENTATION_COMMENTS = YES;
				CLANG_WARN_EMPTY_BODY = YES;
				CLANG_WARN_ENUM_CONVERSION = YES;
				CLANG_WARN_INFINITE_RECURSION = YES;
				CLANG_WARN_INT_CONVERSION = YES;
				CLANG_WARN_NON_LITERAL_NULL_CONVERSION = YES;
				CLANG_WARN_OBJC_IMPLICIT_RETAIN_SELF = YES;
				CLANG_WARN_OBJC_LITERAL_CONVERSION = YES;
				CLANG_WARN_OBJC_ROOT_CLASS = YES_ERROR;
				CLANG_WARN_QUOTED_INCLUDE_IN_FRAMEWORK_HEADER = YES;
				CLANG_WARN_RANGE_LOOP_ANALYSIS = YES;
				CLANG_WARN_STRICT_PROTOTYPES = YES;
				CLANG_WARN_SUSPICIOUS_MOVE = YES;
				CLANG_WARN_UNGUARDED_AVAILABILITY = YES_AGGRESSIVE;
				CLANG_WARN_UNREACHABLE_CODE = YES;
				CLANG_WARN__DUPLICATE_METHOD_MATCH = YES;
				COPY_PHASE_STRIP = NO;
				DEBUG_INFORMATION_FORMAT = dwarf;
				ENABLE_STRICT_OBJC_MSGSEND = YES;
				ENABLE_TESTABILITY = YES;
				GCC_C_LANGUAGE_STANDARD = gnu11;
				GCC_DYNAMIC_NO_PIC = NO;
				GCC_NO_COMMON_BLOCKS = YES;
				GCC_OPTIMIZATION_LEVEL = 0;
				GCC_PREPROCESSOR_DEFINITIONS = (
					"DEBUG=1",
					"$(inherited)",
				);
				GCC_WARN_64_TO_32_BIT_CONVERSION = YES;
				GCC_WARN_ABOUT_RETURN_TYPE = YES_ERROR;
				GCC_WARN_UNDECLARED_SELECTOR = YES;
				GCC_WARN_UNINITIALIZED_AUTOS = YES_AGGRESSIVE;
				GCC_WARN_UNUSED_FUNCTION = YES;
				GCC_WARN_UNUSED_VARIABLE = YES;
				IPHONEOS_DEPLOYMENT_TARGET = 16.2;
				MTL_ENABLE_DEBUG_INFO = INCLUDE_SOURCE;
				MTL_FAST_MATH = YES;
				ONLY_ACTIVE_ARCH = YES;
				SDKROOT = iphoneos;
				SWIFT_ACTIVE_COMPILATION_CONDITIONS = DEBUG;
				SWIFT_OPTIMIZATION_LEVEL = "-Onone";
			};
			name = Debug;
		};
		2FEA5C4C29F5DD0F006F68B1 /* Release */ = {
			isa = XCBuildConfiguration;
			buildSettings = {
				ALWAYS_SEARCH_USER_PATHS = NO;
				CLANG_ANALYZER_NONNULL = YES;
				CLANG_ANALYZER_NUMBER_OBJECT_CONVERSION = YES_AGGRESSIVE;
				CLANG_CXX_LANGUAGE_STANDARD = "gnu++20";
				CLANG_ENABLE_MODULES = YES;
				CLANG_ENABLE_OBJC_ARC = YES;
				CLANG_ENABLE_OBJC_WEAK = YES;
				CLANG_WARN_BLOCK_CAPTURE_AUTORELEASING = YES;
				CLANG_WARN_BOOL_CONVERSION = YES;
				CLANG_WARN_COMMA = YES;
				CLANG_WARN_CONSTANT_CONVERSION = YES;
				CLANG_WARN_DEPRECATED_OBJC_IMPLEMENTATIONS = YES;
				CLANG_WARN_DIRECT_OBJC_ISA_USAGE = YES_ERROR;
				CLANG_WARN_DOCUMENTATION_COMMENTS = YES;
				CLANG_WARN_EMPTY_BODY = YES;
				CLANG_WARN_ENUM_CONVERSION = YES;
				CLANG_WARN_INFINITE_RECURSION = YES;
				CLANG_WARN_INT_CONVERSION = YES;
				CLANG_WARN_NON_LITERAL_NULL_CONVERSION = YES;
				CLANG_WARN_OBJC_IMPLICIT_RETAIN_SELF = YES;
				CLANG_WARN_OBJC_LITERAL_CONVERSION = YES;
				CLANG_WARN_OBJC_ROOT_CLASS = YES_ERROR;
				CLANG_WARN_QUOTED_INCLUDE_IN_FRAMEWORK_HEADER = YES;
				CLANG_WARN_RANGE_LOOP_ANALYSIS = YES;
				CLANG_WARN_STRICT_PROTOTYPES = YES;
				CLANG_WARN_SUSPICIOUS_MOVE = YES;
				CLANG_WARN_UNGUARDED_AVAILABILITY = YES_AGGRESSIVE;
				CLANG_WARN_UNREACHABLE_CODE = YES;
				CLANG_WARN__DUPLICATE_METHOD_MATCH = YES;
				COPY_PHASE_STRIP = NO;
				DEBUG_INFORMATION_FORMAT = "dwarf-with-dsym";
				ENABLE_NS_ASSERTIONS = NO;
				ENABLE_STRICT_OBJC_MSGSEND = YES;
				GCC_C_LANGUAGE_STANDARD = gnu11;
				GCC_NO_COMMON_BLOCKS = YES;
				GCC_WARN_64_TO_32_BIT_CONVERSION = YES;
				GCC_WARN_ABOUT_RETURN_TYPE = YES_ERROR;
				GCC_WARN_UNDECLARED_SELECTOR = YES;
				GCC_WARN_UNINITIALIZED_AUTOS = YES_AGGRESSIVE;
				GCC_WARN_UNUSED_FUNCTION = YES;
				GCC_WARN_UNUSED_VARIABLE = YES;
				IPHONEOS_DEPLOYMENT_TARGET = 16.2;
				MTL_ENABLE_DEBUG_INFO = NO;
				MTL_FAST_MATH = YES;
				SDKROOT = iphoneos;
				SWIFT_COMPILATION_MODE = wholemodule;
				SWIFT_OPTIMIZATION_LEVEL = "-O";
				VALIDATE_PRODUCT = YES;
			};
			name = Release;
		};
		2FEA5C4E29F5DD0F006F68B1 /* Debug */ = {
			isa = XCBuildConfiguration;
			baseConfigurationReference = F6B8153C68B7D8DD2948B674 /* Pods-GarupaTest.debug.xcconfig */;
			buildSettings = {
				ASSETCATALOG_COMPILER_APPICON_NAME = AppIcon;
				ASSETCATALOG_COMPILER_GLOBAL_ACCENT_COLOR_NAME = AccentColor;
				CODE_SIGN_STYLE = Automatic;
				CURRENT_PROJECT_VERSION = 1;
				GENERATE_INFOPLIST_FILE = YES;
				INFOPLIST_FILE = GarupaTest/Info.plist;
				INFOPLIST_KEY_UIApplicationSupportsIndirectInputEvents = YES;
				INFOPLIST_KEY_UILaunchStoryboardName = LaunchScreen;
				INFOPLIST_KEY_UIMainStoryboardFile = "";
				INFOPLIST_KEY_UISupportedInterfaceOrientations_iPad = "UIInterfaceOrientationPortrait UIInterfaceOrientationPortraitUpsideDown UIInterfaceOrientationLandscapeLeft UIInterfaceOrientationLandscapeRight";
				INFOPLIST_KEY_UISupportedInterfaceOrientations_iPhone = "UIInterfaceOrientationPortrait UIInterfaceOrientationLandscapeLeft UIInterfaceOrientationLandscapeRight";
				LD_RUNPATH_SEARCH_PATHS = (
					"$(inherited)",
					"@executable_path/Frameworks",
				);
				MARKETING_VERSION = 1.0;
				PRODUCT_BUNDLE_IDENTIFIER = mjkweber.GarupaTest;
				PRODUCT_NAME = "$(TARGET_NAME)";
				SWIFT_EMIT_LOC_STRINGS = YES;
				SWIFT_VERSION = 5.0;
				TARGETED_DEVICE_FAMILY = "1,2";
			};
			name = Debug;
		};
		2FEA5C4F29F5DD0F006F68B1 /* Release */ = {
			isa = XCBuildConfiguration;
			baseConfigurationReference = 95556E771A8A5BAE36653533 /* Pods-GarupaTest.release.xcconfig */;
			buildSettings = {
				ASSETCATALOG_COMPILER_APPICON_NAME = AppIcon;
				ASSETCATALOG_COMPILER_GLOBAL_ACCENT_COLOR_NAME = AccentColor;
				CODE_SIGN_STYLE = Automatic;
				CURRENT_PROJECT_VERSION = 1;
				GENERATE_INFOPLIST_FILE = YES;
				INFOPLIST_FILE = GarupaTest/Info.plist;
				INFOPLIST_KEY_UIApplicationSupportsIndirectInputEvents = YES;
				INFOPLIST_KEY_UILaunchStoryboardName = LaunchScreen;
				INFOPLIST_KEY_UIMainStoryboardFile = "";
				INFOPLIST_KEY_UISupportedInterfaceOrientations_iPad = "UIInterfaceOrientationPortrait UIInterfaceOrientationPortraitUpsideDown UIInterfaceOrientationLandscapeLeft UIInterfaceOrientationLandscapeRight";
				INFOPLIST_KEY_UISupportedInterfaceOrientations_iPhone = "UIInterfaceOrientationPortrait UIInterfaceOrientationLandscapeLeft UIInterfaceOrientationLandscapeRight";
				LD_RUNPATH_SEARCH_PATHS = (
					"$(inherited)",
					"@executable_path/Frameworks",
				);
				MARKETING_VERSION = 1.0;
				PRODUCT_BUNDLE_IDENTIFIER = mjkweber.GarupaTest;
				PRODUCT_NAME = "$(TARGET_NAME)";
				SWIFT_EMIT_LOC_STRINGS = YES;
				SWIFT_VERSION = 5.0;
				TARGETED_DEVICE_FAMILY = "1,2";
			};
			name = Release;
		};
		2FEA5C5129F5DD0F006F68B1 /* Debug */ = {
			isa = XCBuildConfiguration;
			baseConfigurationReference = 7BB5E6A962F8FEDE65AE3732 /* Pods-GarupaTest-GarupaTestTests.debug.xcconfig */;
			buildSettings = {
				ALWAYS_EMBED_SWIFT_STANDARD_LIBRARIES = YES;
				BUNDLE_LOADER = "$(TEST_HOST)";
				CODE_SIGN_STYLE = Automatic;
				CURRENT_PROJECT_VERSION = 1;
				GENERATE_INFOPLIST_FILE = YES;
				IPHONEOS_DEPLOYMENT_TARGET = 16.2;
				MARKETING_VERSION = 1.0;
				PRODUCT_BUNDLE_IDENTIFIER = mjkweber.GarupaTestTests;
				PRODUCT_NAME = "$(TARGET_NAME)";
				SWIFT_EMIT_LOC_STRINGS = NO;
				SWIFT_VERSION = 5.0;
				TARGETED_DEVICE_FAMILY = "1,2";
				TEST_HOST = "$(BUILT_PRODUCTS_DIR)/GarupaTest.app/$(BUNDLE_EXECUTABLE_FOLDER_PATH)/GarupaTest";
			};
			name = Debug;
		};
		2FEA5C5229F5DD0F006F68B1 /* Release */ = {
			isa = XCBuildConfiguration;
			baseConfigurationReference = C36FEBAE85CEE59633ACCB17 /* Pods-GarupaTest-GarupaTestTests.release.xcconfig */;
			buildSettings = {
				ALWAYS_EMBED_SWIFT_STANDARD_LIBRARIES = YES;
				BUNDLE_LOADER = "$(TEST_HOST)";
				CODE_SIGN_STYLE = Automatic;
				CURRENT_PROJECT_VERSION = 1;
				GENERATE_INFOPLIST_FILE = YES;
				IPHONEOS_DEPLOYMENT_TARGET = 16.2;
				MARKETING_VERSION = 1.0;
				PRODUCT_BUNDLE_IDENTIFIER = mjkweber.GarupaTestTests;
				PRODUCT_NAME = "$(TARGET_NAME)";
				SWIFT_EMIT_LOC_STRINGS = NO;
				SWIFT_VERSION = 5.0;
				TARGETED_DEVICE_FAMILY = "1,2";
				TEST_HOST = "$(BUILT_PRODUCTS_DIR)/GarupaTest.app/$(BUNDLE_EXECUTABLE_FOLDER_PATH)/GarupaTest";
			};
			name = Release;
		};
		2FEA5C5429F5DD0F006F68B1 /* Debug */ = {
			isa = XCBuildConfiguration;
			buildSettings = {
				ALWAYS_EMBED_SWIFT_STANDARD_LIBRARIES = YES;
				CODE_SIGN_STYLE = Automatic;
				CURRENT_PROJECT_VERSION = 1;
				GENERATE_INFOPLIST_FILE = YES;
				MARKETING_VERSION = 1.0;
				PRODUCT_BUNDLE_IDENTIFIER = mjkweber.GarupaTestUITests;
				PRODUCT_NAME = "$(TARGET_NAME)";
				SWIFT_EMIT_LOC_STRINGS = NO;
				SWIFT_VERSION = 5.0;
				TARGETED_DEVICE_FAMILY = "1,2";
				TEST_TARGET_NAME = GarupaTest;
			};
			name = Debug;
		};
		2FEA5C5529F5DD0F006F68B1 /* Release */ = {
			isa = XCBuildConfiguration;
			buildSettings = {
				ALWAYS_EMBED_SWIFT_STANDARD_LIBRARIES = YES;
				CODE_SIGN_STYLE = Automatic;
				CURRENT_PROJECT_VERSION = 1;
				GENERATE_INFOPLIST_FILE = YES;
				MARKETING_VERSION = 1.0;
				PRODUCT_BUNDLE_IDENTIFIER = mjkweber.GarupaTestUITests;
				PRODUCT_NAME = "$(TARGET_NAME)";
				SWIFT_EMIT_LOC_STRINGS = NO;
				SWIFT_VERSION = 5.0;
				TARGETED_DEVICE_FAMILY = "1,2";
				TEST_TARGET_NAME = GarupaTest;
			};
			name = Release;
		};
/* End XCBuildConfiguration section */

/* Begin XCConfigurationList section */
		2FEA5C1E29F5DD0D006F68B1 /* Build configuration list for PBXProject "GarupaTest" */ = {
			isa = XCConfigurationList;
			buildConfigurations = (
				2FEA5C4B29F5DD0F006F68B1 /* Debug */,
				2FEA5C4C29F5DD0F006F68B1 /* Release */,
			);
			defaultConfigurationIsVisible = 0;
			defaultConfigurationName = Release;
		};
		2FEA5C4D29F5DD0F006F68B1 /* Build configuration list for PBXNativeTarget "GarupaTest" */ = {
			isa = XCConfigurationList;
			buildConfigurations = (
				2FEA5C4E29F5DD0F006F68B1 /* Debug */,
				2FEA5C4F29F5DD0F006F68B1 /* Release */,
			);
			defaultConfigurationIsVisible = 0;
			defaultConfigurationName = Release;
		};
		2FEA5C5029F5DD0F006F68B1 /* Build configuration list for PBXNativeTarget "GarupaTestTests" */ = {
			isa = XCConfigurationList;
			buildConfigurations = (
				2FEA5C5129F5DD0F006F68B1 /* Debug */,
				2FEA5C5229F5DD0F006F68B1 /* Release */,
			);
			defaultConfigurationIsVisible = 0;
			defaultConfigurationName = Release;
		};
		2FEA5C5329F5DD0F006F68B1 /* Build configuration list for PBXNativeTarget "GarupaTestUITests" */ = {
			isa = XCConfigurationList;
			buildConfigurations = (
				2FEA5C5429F5DD0F006F68B1 /* Debug */,
				2FEA5C5529F5DD0F006F68B1 /* Release */,
			);
			defaultConfigurationIsVisible = 0;
			defaultConfigurationName = Release;
		};
/* End XCConfigurationList section */
	};
	rootObject = 2FEA5C1B29F5DD0D006F68B1 /* Project object */;
}
